Microsoft Visual Studio Solution File, Format Version 8.00
Project("{8BC9CEB8-8B4A-11D0-8D11-00A0C91BC942}") = "AddressOverride8", "AddressOverride8vc7w32.vcproj", "{2474091A-65C6-3DFA-80ED-6A4F572F6392}"
	ProjectSection(ProjectDependencies) = postProject
	EndProjectSection
EndProject
Global
	GlobalSection(SolutionConfiguration) = preSolution
		Release_LTCG = Release_LTCG
	EndGlobalSection
	GlobalSection(ProjectConfiguration) = postSolution
		{2474091A-65C6-3DFA-80ED-6A4F572F6392}.Release_LTCG.ActiveCfg = Release_LTCG|Win32
		{2474091A-65C6-3DFA-80ED-6A4F572F6392}.Release_LTCG.Build.0 = Release_LTCG|Win32
	EndGlobalSection
	GlobalSection(ExtensibilityGlobals) = postSolution
	EndGlobalSection
	GlobalSection(ExtensibilityAddIns) = postSolution
	EndGlobalSection
EndGlobal
