Microsoft Visual Studio Solution File, Format Version 8.00
Project("{8BC9CEB8-8B4A-11D0-8D11-00A0C91BC942}") = "ChatPeer8", "ChatPeer8vc7w32.vcproj", "{2687D7B3-9594-39D8-96D6-21F4CC08C2F0}"
	ProjectSection(ProjectDependencies) = postProject
	EndProjectSection
EndProject
Global
	GlobalSection(SolutionConfiguration) = preSolution
		Release_LTCG = Release_LTCG
	EndGlobalSection
	GlobalSection(ProjectConfiguration) = postSolution
		{2687D7B3-9594-39D8-96D6-21F4CC08C2F0}.Release_LTCG.ActiveCfg = Release_LTCG|Win32
		{2687D7B3-9594-39D8-96D6-21F4CC08C2F0}.Release_LTCG.Build.0 = Release_LTCG|Win32
	EndGlobalSection
	GlobalSection(ExtensibilityGlobals) = postSolution
	EndGlobalSection
	GlobalSection(ExtensibilityAddIns) = postSolution
	EndGlobalSection
EndGlobal
