<?xml version="1.0" encoding="utf-8"?>
<Project ToolsVersion="14.0" xmlns="http://schemas.microsoft.com/developer/msbuild/2003">
  <ItemGroup>
    <ClInclude Include="..\..\common\dpmacros.h">
      <Filter>common</Filter>
    </ClInclude>
    <ClInclude Include="..\..\common\dxutil.h">
      <Filter>common</Filter>
    </ClInclude>
    <ClInclude Include="..\..\common\netclient.h">
      <Filter>common</Filter>
    </ClInclude>
    <ClInclude Include="..\..\common\netclientres.h">
      <Filter>common</Filter>
    </ClInclude>
    <ClInclude Include="..\..\common\netconnect.h">
      <Filter>common</Filter>
    </ClInclude>
    <ClInclude Include="..\..\common\netconnectres.h">
      <Filter>common</Filter>
    </ClInclude>
    <ClInclude Include="..\..\common\netvoice.h">
      <Filter>common</Filter>
    </ClInclude>
    <ClInclude Include="..\common\voiceclientserver.h">
      <Filter>common</Filter>
    </ClInclude>
    <ClInclude Include="source\windows\resource.h">
      <Filter>source\windows</Filter>
    </ClInclude>
    <ClCompile Include="..\..\common\dxutil.cpp">
      <Filter>common</Filter>
    </ClCompile>
    <ClCompile Include="..\..\common\netclient.cpp">
      <Filter>common</Filter>
    </ClCompile>
    <ClCompile Include="..\..\common\netconnect.cpp">
      <Filter>common</Filter>
    </ClCompile>
    <ClCompile Include="..\..\common\netvoice.cpp">
      <Filter>common</Filter>
    </ClCompile>
    <ClCompile Include="source\voiceclient.cpp">
      <Filter>source</Filter>
    </ClCompile>
    <ResourceCompile Include="source\windows\VoiceClient.rc">
      <Filter>source\windows</Filter>
    </ResourceCompile>
    <Filter Include="common">
      <UniqueIdentifier>195F3786-1007-33E7-B808-D3E1E6B3293E</UniqueIdentifier>
    </Filter>
    <Filter Include="source">
      <UniqueIdentifier>BE26B73B-614C-35E5-940A-D6B5CE8EEA50</UniqueIdentifier>
    </Filter>
    <Filter Include="source\windows">
      <UniqueIdentifier>350180C0-C61C-3F8D-B1D9-884D66F71CFC</UniqueIdentifier>
    </Filter>
  </ItemGroup>
</Project>
