<?xml version="1.0" encoding="utf-8"?>
<Project ToolsVersion="14.0" xmlns="http://schemas.microsoft.com/developer/msbuild/2003">
  <ItemGroup>
    <ClCompile Include="source\Connect.cpp">
      <Filter>source</Filter>
    </ClCompile>
    <Filter Include="source">
      <UniqueIdentifier>15351FE0-700A-3D1C-82B0-9B6ECBE17ECF</UniqueIdentifier>
    </Filter>
  </ItemGroup>
</Project>
