<?xml version="1.0" encoding="utf-8"?>
<Project ToolsVersion="14.0" xmlns="http://schemas.microsoft.com/developer/msbuild/2003">
  <ItemGroup>
    <ClInclude Include="..\common\dpmacros.h">
      <Filter>common</Filter>
    </ClInclude>
    <ClInclude Include="..\common\dputils.h">
      <Filter>common</Filter>
    </ClInclude>
    <ClInclude Include="..\common\dxutil.h">
      <Filter>common</Filter>
    </ClInclude>
    <ClInclude Include="source\windows\resource.h">
      <Filter>source\windows</Filter>
    </ClInclude>
    <ClCompile Include="..\common\dputils.cpp">
      <Filter>common</Filter>
    </ClCompile>
    <ClCompile Include="..\common\dxutil.cpp">
      <Filter>common</Filter>
    </ClCompile>
    <ClCompile Include="source\LobbyClient.cpp">
      <Filter>source</Filter>
    </ClCompile>
    <ResourceCompile Include="source\windows\LobbyClient.rc">
      <Filter>source\windows</Filter>
    </ResourceCompile>
    <Image Include="source\windows\directx.ico">
      <Filter>source\windows</Filter>
    </Image>
    <Filter Include="common">
      <UniqueIdentifier>F3D0B5D1-7B9F-3F12-875A-28B01B556BBA</UniqueIdentifier>
    </Filter>
    <Filter Include="source">
      <UniqueIdentifier>3F3E8CB6-951C-3E97-9B53-3DE07D2F3528</UniqueIdentifier>
    </Filter>
    <Filter Include="source\windows">
      <UniqueIdentifier>BCD131EC-A98D-36FD-BA24-D1F5B4B0211C</UniqueIdentifier>
    </Filter>
  </ItemGroup>
</Project>
