Microsoft Visual Studio Solution File, Format Version 8.00
Project("{8BC9CEB8-8B4A-11D0-8D11-00A0C91BC942}") = "LobbyClient8", "LobbyClient8vc7w32.vcproj", "{46590B44-8E4B-3AD1-99FA-9B39D0CCBF41}"
	ProjectSection(ProjectDependencies) = postProject
	EndProjectSection
EndProject
Global
	GlobalSection(SolutionConfiguration) = preSolution
		Release_LTCG = Release_LTCG
	EndGlobalSection
	GlobalSection(ProjectConfiguration) = postSolution
		{46590B44-8E4B-3AD1-99FA-9B39D0CCBF41}.Release_LTCG.ActiveCfg = Release_LTCG|Win32
		{46590B44-8E4B-3AD1-99FA-9B39D0CCBF41}.Release_LTCG.Build.0 = Release_LTCG|Win32
	EndGlobalSection
	GlobalSection(ExtensibilityGlobals) = postSolution
	EndGlobalSection
	GlobalSection(ExtensibilityAddIns) = postSolution
	EndGlobalSection
EndGlobal
