<?xml version="1.0" encoding="utf-8"?>
<Project ToolsVersion="14.0" xmlns="http://schemas.microsoft.com/developer/msbuild/2003">
  <ItemGroup>
    <ClInclude Include="..\common\dpconnect.h">
      <Filter>common</Filter>
    </ClInclude>
    <ClInclude Include="..\common\dpmacros.h">
      <Filter>common</Filter>
    </ClInclude>
    <ClInclude Include="source\windows\resource.h">
      <Filter>source\windows</Filter>
    </ClInclude>
    <ClInclude Include="source\winmain.h">
      <Filter>source</Filter>
    </ClInclude>
    <ClCompile Include="..\common\dpconnect.cpp">
      <Filter>common</Filter>
    </ClCompile>
    <ClCompile Include="source\winmain.cpp">
      <Filter>source</Filter>
    </ClCompile>
    <ResourceCompile Include="source\windows\winmain.rc">
      <Filter>source\windows</Filter>
    </ResourceCompile>
    <Image Include="source\windows\directx.ico">
      <Filter>source\windows</Filter>
    </Image>
    <Filter Include="common">
      <UniqueIdentifier>16AC5A4C-8BA8-3ACE-B964-F6FA34EC83E4</UniqueIdentifier>
    </Filter>
    <Filter Include="source">
      <UniqueIdentifier>77E939BB-A181-318C-8281-B04FBA3CFC9D</UniqueIdentifier>
    </Filter>
    <Filter Include="source\windows">
      <UniqueIdentifier>75022AEC-3972-3B0F-BC4D-E53F6B2EE3E3</UniqueIdentifier>
    </Filter>
  </ItemGroup>
</Project>
