<?xml version="1.0" encoding="utf-8"?>
<Project ToolsVersion="14.0" xmlns="http://schemas.microsoft.com/developer/msbuild/2003">
  <ItemGroup>
    <ClInclude Include="..\..\common\dpmacros.h">
      <Filter>common</Filter>
    </ClInclude>
    <ClCompile Include="source\HostMigration.cpp">
      <Filter>source</Filter>
    </ClCompile>
    <Filter Include="common">
      <UniqueIdentifier>7A66B48D-C730-3DFC-8F82-76183148F7A0</UniqueIdentifier>
    </Filter>
    <Filter Include="source">
      <UniqueIdentifier>23E172A1-1672-331D-983F-EB6B58EC99FA</UniqueIdentifier>
    </Filter>
  </ItemGroup>
</Project>
