<?xml version="1.0" encoding="utf-8"?>
<Project ToolsVersion="14.0" xmlns="http://schemas.microsoft.com/developer/msbuild/2003">
  <ItemGroup>
    <ClCompile Include="source\Host.cpp">
      <Filter>source</Filter>
    </ClCompile>
    <Filter Include="source">
      <UniqueIdentifier>68E12530-BDBA-31DD-ADD1-5DAA1FE5FF04</UniqueIdentifier>
    </Filter>
  </ItemGroup>
</Project>
