Microsoft Visual Studio Solution File, Format Version 8.00
Project("{8BC9CEB8-8B4A-11D0-8D11-00A0C91BC942}") = "Send", "Sendvc7w32.vcproj", "{1FBEDB9D-9878-3A60-8C6A-C003C2652C17}"
	ProjectSection(ProjectDependencies) = postProject
	EndProjectSection
EndProject
Global
	GlobalSection(SolutionConfiguration) = preSolution
		Release_LTCG = Release_LTCG
	EndGlobalSection
	GlobalSection(ProjectConfiguration) = postSolution
		{1FBEDB9D-9878-3A60-8C6A-C003C2652C17}.Release_LTCG.ActiveCfg = Release_LTCG|Win32
		{1FBEDB9D-9878-3A60-8C6A-C003C2652C17}.Release_LTCG.Build.0 = Release_LTCG|Win32
	EndGlobalSection
	GlobalSection(ExtensibilityGlobals) = postSolution
	EndGlobalSection
	GlobalSection(ExtensibilityAddIns) = postSolution
	EndGlobalSection
EndGlobal
