<?xml version="1.0" encoding="utf-8"?>
<Project ToolsVersion="14.0" xmlns="http://schemas.microsoft.com/developer/msbuild/2003">
  <ItemGroup>
    <ClInclude Include="..\..\common\dpmacros.h">
      <Filter>common</Filter>
    </ClInclude>
    <ClInclude Include="..\..\common\dxutil.h">
      <Filter>common</Filter>
    </ClInclude>
    <ClInclude Include="..\..\common\netclient.h">
      <Filter>common</Filter>
    </ClInclude>
    <ClInclude Include="..\..\common\netclientres.h">
      <Filter>common</Filter>
    </ClInclude>
    <ClInclude Include="..\..\common\netconnect.h">
      <Filter>common</Filter>
    </ClInclude>
    <ClInclude Include="..\..\common\netconnectres.h">
      <Filter>common</Filter>
    </ClInclude>
    <ClInclude Include="..\..\common\netvoice.h">
      <Filter>common</Filter>
    </ClInclude>
    <ClInclude Include="..\common\voiceclientserver.h">
      <Filter>common</Filter>
    </ClInclude>
    <ClInclude Include="source\windows\resource.h">
      <Filter>source\windows</Filter>
    </ClInclude>
    <ClCompile Include="..\..\common\dxutil.cpp">
      <Filter>common</Filter>
    </ClCompile>
    <ClCompile Include="..\..\common\netclient.cpp">
      <Filter>common</Filter>
    </ClCompile>
    <ClCompile Include="..\..\common\netconnect.cpp">
      <Filter>common</Filter>
    </ClCompile>
    <ClCompile Include="..\..\common\netvoice.cpp">
      <Filter>common</Filter>
    </ClCompile>
    <ClCompile Include="source\voiceserver.cpp">
      <Filter>source</Filter>
    </ClCompile>
    <ResourceCompile Include="source\windows\VoiceServer.rc">
      <Filter>source\windows</Filter>
    </ResourceCompile>
    <Filter Include="common">
      <UniqueIdentifier>CB19CD5E-8B68-3593-B812-652F1CE72891</UniqueIdentifier>
    </Filter>
    <Filter Include="source">
      <UniqueIdentifier>535EFBD8-A6CC-3ACE-85AA-D44B40FBF65C</UniqueIdentifier>
    </Filter>
    <Filter Include="source\windows">
      <UniqueIdentifier>B7277648-98D8-3985-BB0C-CD2BF2612D5C</UniqueIdentifier>
    </Filter>
  </ItemGroup>
</Project>
