<?xml version="1.0" encoding="utf-8"?>
<Project ToolsVersion="14.0" xmlns="http://schemas.microsoft.com/developer/msbuild/2003">
  <ItemGroup>
    <ClInclude Include="..\common\dpdialogs.h">
      <Filter>common</Filter>
    </ClInclude>
    <ClInclude Include="..\common\dpmacros.h">
      <Filter>common</Filter>
    </ClInclude>
    <ClInclude Include="..\common\dxutil.h">
      <Filter>common</Filter>
    </ClInclude>
    <ClInclude Include="..\common\netconnect.h">
      <Filter>common</Filter>
    </ClInclude>
    <ClInclude Include="..\common\netconnectres.h">
      <Filter>common</Filter>
    </ClInclude>
    <ClInclude Include="source\NetStage.h">
      <Filter>source</Filter>
    </ClInclude>
    <ClInclude Include="source\stagedpeer.h">
      <Filter>source</Filter>
    </ClInclude>
    <ClInclude Include="source\windows\resource.h">
      <Filter>source\windows</Filter>
    </ClInclude>
    <ClCompile Include="..\common\dpdialogs.cpp">
      <Filter>common</Filter>
    </ClCompile>
    <ClCompile Include="..\common\dxutil.cpp">
      <Filter>common</Filter>
    </ClCompile>
    <ClCompile Include="..\common\netconnect.cpp">
      <Filter>common</Filter>
    </ClCompile>
    <ClCompile Include="source\NetStage.cpp">
      <Filter>source</Filter>
    </ClCompile>
    <ClCompile Include="source\stagedpeer.cpp">
      <Filter>source</Filter>
    </ClCompile>
    <ResourceCompile Include="source\windows\stagedpeer.rc">
      <Filter>source\windows</Filter>
    </ResourceCompile>
    <Filter Include="common">
      <UniqueIdentifier>3ACE8FEA-EDEB-3792-BD71-5AD946FD0D5C</UniqueIdentifier>
    </Filter>
    <Filter Include="source">
      <UniqueIdentifier>529A6554-9DC9-32E4-B6E6-F945436EFDDE</UniqueIdentifier>
    </Filter>
    <Filter Include="source\windows">
      <UniqueIdentifier>86200C5B-E802-365C-961E-076FD4499D0D</UniqueIdentifier>
    </Filter>
  </ItemGroup>
</Project>
